// !$*UTF8*$!
{
	archiveVersion = 1;
	classes = {
	};
	objectVersion = 46;
	objects = {

/* Begin PBXBuildFile section */
		72148B2C1BC9BCEF00C57A99 /* AppDelegate.swift in Sources */ = {isa = PBXBuildFile; fileRef = 72148B2B1BC9BCEF00C57A99 /* AppDelegate.swift */; };
		72148B2E1BC9BCEF00C57A99 /* ViewController.swift in Sources */ = {isa = PBXBuildFile; fileRef = 72148B2D1BC9BCEF00C57A99 /* ViewController.swift */; };
		72148B311BC9BCEF00C57A99 /* Main.storyboard in Resources */ = {isa = PBXBuildFile; fileRef = 72148B2F1BC9BCEF00C57A99 /* Main.storyboard */; };
		72148B331BC9BCEF00C57A99 /* Assets.xcassets in Resources */ = {isa = PBXBuildFile; fileRef = 72148B321BC9BCEF00C57A99 /* Assets.xcassets */; };
		72148B361BC9BCEF00C57A99 /* LaunchScreen.storyboard in Resources */ = {isa = PBXBuildFile; fileRef = 72148B341BC9BCEF00C57A99 /* LaunchScreen.storyboard */; };
		72148B411BC9BCEF00C57A99 /* feedarticleTests.swift in Sources */ = {isa = PBXBuildFile; fileRef = 72148B401BC9BCEF00C57A99 /* feedarticleTests.swift */; };
		72148B4C1BC9BCEF00C57A99 /* feedarticleUITests.swift in Sources */ = {isa = PBXBuildFile; fileRef = 72148B4B1BC9BCEF00C57A99 /* feedarticleUITests.swift */; };
		72B4A30D1BCA496300FE0614 /* Security.framework in Frameworks */ = {isa = PBXBuildFile; fileRef = 72B4A30C1BCA496300FE0614 /* Security.framework */; };
		B8D6D3F71C8433786D30E05D /* libPods-feedarticle.a in Frameworks */ = {isa = PBXBuildFile; fileRef = 3B21BC99C2C88A06FE63946F /* libPods-feedarticle.a */; };
		E12F9A55F5883B5C6EEF5D31 /* libPods-feedarticleTests.a in Frameworks */ = {isa = PBXBuildFile; fileRef = B9295005575FEFB0D0DB6373 /* libPods-feedarticleTests.a */; };
		E9C13FF6BD7230A710B226AC /* libPods-feedarticleUITests.a in Frameworks */ = {isa = PBXBuildFile; fileRef = A432C0D4C7A20FB19EC3D314 /* libPods-feedarticleUITests.a */; };
/* End PBXBuildFile section */

/* Begin PBXContainerItemProxy section */
		72148B3D1BC9BCEF00C57A99 /* PBXContainerItemProxy */ = {
			isa = PBXContainerItemProxy;
			containerPortal = 72148B201BC9BCEE00C57A99 /* Project object */;
			proxyType = 1;
			remoteGlobalIDString = 72148B271BC9BCEE00C57A99;
			remoteInfo = feedarticle;
		};
		72148B481BC9BCEF00C57A99 /* PBXContainerItemProxy */ = {
			isa = PBXContainerItemProxy;
			containerPortal = 72148B201BC9BCEE00C57A99 /* Project object */;
			proxyType = 1;
			remoteGlobalIDString = 72148B271BC9BCEE00C57A99;
			remoteInfo = feedarticle;
		};
/* End PBXContainerItemProxy section */

/* Begin PBXFileReference section */
		254ECC61AF9FD05C3C5563E3 /* Pods-feedarticleUITests.release.xcconfig */ = {isa = PBXFileReference; includeInIndex = 1; lastKnownFileType = text.xcconfig; name = "Pods-feedarticleUITests.release.xcconfig"; path = "Pods/Target Support Files/Pods-feedarticleUITests/Pods-feedarticleUITests.release.xcconfig"; sourceTree = "<group>"; };
		2CA0D6EEBB5CFB1CDB65C1EE /* Pods-feedarticle.debug.xcconfig */ = {isa = PBXFileReference; includeInIndex = 1; lastKnownFileType = text.xcconfig; name = "Pods-feedarticle.debug.xcconfig"; path = "Pods/Target Support Files/Pods-feedarticle/Pods-feedarticle.debug.xcconfig"; sourceTree = "<group>"; };
		3B21BC99C2C88A06FE63946F /* libPods-feedarticle.a */ = {isa = PBXFileReference; explicitFileType = archive.ar; includeInIndex = 0; path = "libPods-feedarticle.a"; sourceTree = BUILT_PRODUCTS_DIR; };
		3B6ED16AF9AC7CEF38CC9E88 /* Pods-feedarticleUITests.debug.xcconfig */ = {isa = PBXFileReference; includeInIndex = 1; lastKnownFileType = text.xcconfig; name = "Pods-feedarticleUITests.debug.xcconfig"; path = "Pods/Target Support Files/Pods-feedarticleUITests/Pods-feedarticleUITests.debug.xcconfig"; sourceTree = "<group>"; };
		63E2ADF7C67D2A8F8DBBFDF9 /* Pods-feedarticle.release.xcconfig */ = {isa = PBXFileReference; includeInIndex = 1; lastKnownFileType = text.xcconfig; name = "Pods-feedarticle.release.xcconfig"; path = "Pods/Target Support Files/Pods-feedarticle/Pods-feedarticle.release.xcconfig"; sourceTree = "<group>"; };
		72148B281BC9BCEE00C57A99 /* feedarticle.app */ = {isa = PBXFileReference; explicitFileType = wrapper.application; includeInIndex = 0; path = feedarticle.app; sourceTree = BUILT_PRODUCTS_DIR; };
		72148B2B1BC9BCEF00C57A99 /* AppDelegate.swift */ = {isa = PBXFileReference; lastKnownFileType = sourcecode.swift; path = AppDelegate.swift; sourceTree = "<group>"; };
		72148B2D1BC9BCEF00C57A99 /* ViewController.swift */ = {isa = PBXFileReference; lastKnownFileType = sourcecode.swift; path = ViewController.swift; sourceTree = "<group>"; };
		72148B301BC9BCEF00C57A99 /* Base */ = {isa = PBXFileReference; lastKnownFileType = file.storyboard; name = Base; path = Base.lproj/Main.storyboard; sourceTree = "<group>"; };
		72148B321BC9BCEF00C57A99 /* Assets.xcassets */ = {isa = PBXFileReference; lastKnownFileType = folder.assetcatalog; path = Assets.xcassets; sourceTree = "<group>"; };
		72148B351BC9BCEF00C57A99 /* Base */ = {isa = PBXFileReference; lastKnownFileType = file.storyboard; name = Base; path = Base.lproj/LaunchScreen.storyboard; sourceTree = "<group>"; };
		72148B371BC9BCEF00C57A99 /* Info.plist */ = {isa = PBXFileReference; lastKnownFileType = text.plist.xml; path = Info.plist; sourceTree = "<group>"; };
		72148B3C1BC9BCEF00C57A99 /* feedarticleTests.xctest */ = {isa = PBXFileReference; explicitFileType = wrapper.cfbundle; includeInIndex = 0; path = feedarticleTests.xctest; sourceTree = BUILT_PRODUCTS_DIR; };
		72148B401BC9BCEF00C57A99 /* feedarticleTests.swift */ = {isa = PBXFileReference; lastKnownFileType = sourcecode.swift; path = feedarticleTests.swift; sourceTree = "<group>"; };
		72148B421BC9BCEF00C57A99 /* Info.plist */ = {isa = PBXFileReference; lastKnownFileType = text.plist.xml; path = Info.plist; sourceTree = "<group>"; };
		72148B471BC9BCEF00C57A99 /* feedarticleUITests.xctest */ = {isa = PBXFileReference; explicitFileType = wrapper.cfbundle; includeInIndex = 0; path = feedarticleUITests.xctest; sourceTree = BUILT_PRODUCTS_DIR; };
		72148B4B1BC9BCEF00C57A99 /* feedarticleUITests.swift */ = {isa = PBXFileReference; lastKnownFileType = sourcecode.swift; path = feedarticleUITests.swift; sourceTree = "<group>"; };
		72148B4D1BC9BCEF00C57A99 /* Info.plist */ = {isa = PBXFileReference; lastKnownFileType = text.plist.xml; path = Info.plist; sourceTree = "<group>"; };
		72B4A2F31BCA388800FE0614 /* feedarticle-Bridging-Header.h */ = {isa = PBXFileReference; lastKnownFileType = sourcecode.c.h; path = "feedarticle-Bridging-Header.h"; sourceTree = "<group>"; };
		72B4A30C1BCA496300FE0614 /* Security.framework */ = {isa = PBXFileReference; lastKnownFileType = wrapper.framework; name = Security.framework; path = System/Library/Frameworks/Security.framework; sourceTree = SDKROOT; };
		7EC0FD0898B32FDEE1C604C0 /* Pods-feedarticleTests.debug.xcconfig */ = {isa = PBXFileReference; includeInIndex = 1; lastKnownFileType = text.xcconfig; name = "Pods-feedarticleTests.debug.xcconfig"; path = "Pods/Target Support Files/Pods-feedarticleTests/Pods-feedarticleTests.debug.xcconfig"; sourceTree = "<group>"; };
		A432C0D4C7A20FB19EC3D314 /* libPods-feedarticleUITests.a */ = {isa = PBXFileReference; explicitFileType = archive.ar; includeInIndex = 0; path = "libPods-feedarticleUITests.a"; sourceTree = BUILT_PRODUCTS_DIR; };
		B02C77021BC0359805C7A9A7 /* Pods-feedarticleTests.release.xcconfig */ = {isa = PBXFileReference; includeInIndex = 1; lastKnownFileType = text.xcconfig; name = "Pods-feedarticleTests.release.xcconfig"; path = "Pods/Target Support Files/Pods-feedarticleTests/Pods-feedarticleTests.release.xcconfig"; sourceTree = "<group>"; };
		B9295005575FEFB0D0DB6373 /* libPods-feedarticleTests.a */ = {isa = PBXFileReference; explicitFileType = archive.ar; includeInIndex = 0; path = "libPods-feedarticleTests.a"; sourceTree = BUILT_PRODUCTS_DIR; };
/* End PBXFileReference section */

/* Begin PBXFrameworksBuildPhase section */
		72148B251BC9BCEE00C57A99 /* Frameworks */ = {
			isa = PBXFrameworksBuildPhase;
			buildActionMask = 2147483647;
			files = (
				72B4A30D1BCA496300FE0614 /* Security.framework in Frameworks */,
				B8D6D3F71C8433786D30E05D /* libPods-feedarticle.a in Frameworks */,
			);
			runOnlyForDeploymentPostprocessing = 0;
		};
		72148B391BC9BCEF00C57A99 /* Frameworks */ = {
			isa = PBXFrameworksBuildPhase;
			buildActionMask = 2147483647;
			files = (
				E12F9A55F5883B5C6EEF5D31 /* libPods-feedarticleTests.a in Frameworks */,
			);
			runOnlyForDeploymentPostprocessing = 0;
		};
		72148B441BC9BCEF00C57A99 /* Frameworks */ = {
			isa = PBXFrameworksBuildPhase;
			buildActionMask = 2147483647;
			files = (
				E9C13FF6BD7230A710B226AC /* libPods-feedarticleUITests.a in Frameworks */,
			);
			runOnlyForDeploymentPostprocessing = 0;
		};
/* End PBXFrameworksBuildPhase section */

/* Begin PBXGroup section */
		2280B55955D8049A17BAC8F7 /* Pods */ = {
			isa = PBXGroup;
			children = (
				2CA0D6EEBB5CFB1CDB65C1EE /* Pods-feedarticle.debug.xcconfig */,
				63E2ADF7C67D2A8F8DBBFDF9 /* Pods-feedarticle.release.xcconfig */,
				7EC0FD0898B32FDEE1C604C0 /* Pods-feedarticleTests.debug.xcconfig */,
				B02C77021BC0359805C7A9A7 /* Pods-feedarticleTests.release.xcconfig */,
				3B6ED16AF9AC7CEF38CC9E88 /* Pods-feedarticleUITests.debug.xcconfig */,
				254ECC61AF9FD05C3C5563E3 /* Pods-feedarticleUITests.release.xcconfig */,
			);
			name = Pods;
			sourceTree = "<group>";
		};
		72148B1F1BC9BCEE00C57A99 = {
			isa = PBXGroup;
			children = (
				72FB68BE1BCC47E700AAFAC2 /* Configuration */,
				72148B2A1BC9BCEE00C57A99 /* feedarticle */,
				72148B3F1BC9BCEF00C57A99 /* feedarticleTests */,
				72148B4A1BC9BCEF00C57A99 /* feedarticleUITests */,
				72148B291BC9BCEE00C57A99 /* Products */,
				2280B55955D8049A17BAC8F7 /* Pods */,
				BE25B2A74A1734824ECD349C /* Frameworks */,
			);
			sourceTree = "<group>";
		};
		72148B291BC9BCEE00C57A99 /* Products */ = {
			isa = PBXGroup;
			children = (
				72148B281BC9BCEE00C57A99 /* feedarticle.app */,
				72148B3C1BC9BCEF00C57A99 /* feedarticleTests.xctest */,
				72148B471BC9BCEF00C57A99 /* feedarticleUITests.xctest */,
			);
			name = Products;
			sourceTree = "<group>";
		};
		72148B2A1BC9BCEE00C57A99 /* feedarticle */ = {
			isa = PBXGroup;
			children = (
				72148B2B1BC9BCEF00C57A99 /* AppDelegate.swift */,
				72148B2D1BC9BCEF00C57A99 /* ViewController.swift */,
				72148B2F1BC9BCEF00C57A99 /* Main.storyboard */,
				72148B321BC9BCEF00C57A99 /* Assets.xcassets */,
				72148B341BC9BCEF00C57A99 /* LaunchScreen.storyboard */,
				72148B371BC9BCEF00C57A99 /* Info.plist */,
				72B4A2F31BCA388800FE0614 /* feedarticle-Bridging-Header.h */,
			);
			path = feedarticle;
			sourceTree = "<group>";
		};
		72148B3F1BC9BCEF00C57A99 /* feedarticleTests */ = {
			isa = PBXGroup;
			children = (
				72148B401BC9BCEF00C57A99 /* feedarticleTests.swift */,
				72148B421BC9BCEF00C57A99 /* Info.plist */,
			);
			path = feedarticleTests;
			sourceTree = "<group>";
		};
		72148B4A1BC9BCEF00C57A99 /* feedarticleUITests */ = {
			isa = PBXGroup;
			children = (
				72148B4B1BC9BCEF00C57A99 /* feedarticleUITests.swift */,
				72148B4D1BC9BCEF00C57A99 /* Info.plist */,
			);
			path = feedarticleUITests;
			sourceTree = "<group>";
		};
		72FB68BE1BCC47E700AAFAC2 /* Configuration */ = {
			isa = PBXGroup;
			children = (
			);
			name = Configuration;
			sourceTree = "<group>";
		};
		BE25B2A74A1734824ECD349C /* Frameworks */ = {
			isa = PBXGroup;
			children = (
				72B4A30C1BCA496300FE0614 /* Security.framework */,
				3B21BC99C2C88A06FE63946F /* libPods-feedarticle.a */,
				B9295005575FEFB0D0DB6373 /* libPods-feedarticleTests.a */,
				A432C0D4C7A20FB19EC3D314 /* libPods-feedarticleUITests.a */,
			);
			name = Frameworks;
			sourceTree = "<group>";
		};
/* End PBXGroup section */

/* Begin PBXNativeTarget section */
		72148B271BC9BCEE00C57A99 /* feedarticle */ = {
			isa = PBXNativeTarget;
			buildConfigurationList = 72148B501BC9BCEF00C57A99 /* Build configuration list for PBXNativeTarget "feedarticle" */;
			buildPhases = (
				2A9DA42912925B8A71E23222 /* Check Pods Manifest.lock */,
				72148B241BC9BCEE00C57A99 /* Sources */,
				72148B251BC9BCEE00C57A99 /* Frameworks */,
				72148B261BC9BCEE00C57A99 /* Resources */,
				1C095F11E35A3FC972083510 /* Copy Pods Resources */,
				5BA9BB6669B392C349870F42 /* Embed Pods Frameworks */,
			);
			buildRules = (
			);
			dependencies = (
			);
			name = feedarticle;
			productName = feedarticle;
			productReference = 72148B281BC9BCEE00C57A99 /* feedarticle.app */;
			productType = "com.apple.product-type.application";
		};
		72148B3B1BC9BCEF00C57A99 /* feedarticleTests */ = {
			isa = PBXNativeTarget;
			buildConfigurationList = 72148B531BC9BCEF00C57A99 /* Build configuration list for PBXNativeTarget "feedarticleTests" */;
			buildPhases = (
				28411C1054947EA5ABB3CE64 /* Check Pods Manifest.lock */,
				72148B381BC9BCEF00C57A99 /* Sources */,
				72148B391BC9BCEF00C57A99 /* Frameworks */,
				72148B3A1BC9BCEF00C57A99 /* Resources */,
				F8D3A62F679C0F9E2B4BB2D2 /* Copy Pods Resources */,
				6D8A0602CE004BE40CD9E9B9 /* Embed Pods Frameworks */,
			);
			buildRules = (
			);
			dependencies = (
				72148B3E1BC9BCEF00C57A99 /* PBXTargetDependency */,
			);
			name = feedarticleTests;
			productName = feedarticleTests;
			productReference = 72148B3C1BC9BCEF00C57A99 /* feedarticleTests.xctest */;
			productType = "com.apple.product-type.bundle.unit-test";
		};
		72148B461BC9BCEF00C57A99 /* feedarticleUITests */ = {
			isa = PBXNativeTarget;
			buildConfigurationList = 72148B561BC9BCEF00C57A99 /* Build configuration list for PBXNativeTarget "feedarticleUITests" */;
			buildPhases = (
				B082BE352ABE9D292E78BF85 /* Check Pods Manifest.lock */,
				72148B431BC9BCEF00C57A99 /* Sources */,
				72148B441BC9BCEF00C57A99 /* Frameworks */,
				72148B451BC9BCEF00C57A99 /* Resources */,
				4AF0B08DE3B07A75C2279EAE /* Copy Pods Resources */,
			);
			buildRules = (
			);
			dependencies = (
				72148B491BC9BCEF00C57A99 /* PBXTargetDependency */,
			);
			name = feedarticleUITests;
			productName = feedarticleUITests;
			productReference = 72148B471BC9BCEF00C57A99 /* feedarticleUITests.xctest */;
			productType = "com.apple.product-type.bundle.ui-testing";
		};
/* End PBXNativeTarget section */

/* Begin PBXProject section */
		72148B201BC9BCEE00C57A99 /* Project object */ = {
			isa = PBXProject;
			attributes = {
				LastSwiftUpdateCheck = 0700;
				LastUpgradeCheck = 0700;
				ORGANIZATIONNAME = qchu;
				TargetAttributes = {
					72148B271BC9BCEE00C57A99 = {
						CreatedOnToolsVersion = 7.0;
					};
					72148B3B1BC9BCEF00C57A99 = {
						CreatedOnToolsVersion = 7.0;
						TestTargetID = 72148B271BC9BCEE00C57A99;
					};
					72148B461BC9BCEF00C57A99 = {
						CreatedOnToolsVersion = 7.0;
						TestTargetID = 72148B271BC9BCEE00C57A99;
					};
				};
			};
			buildConfigurationList = 72148B231BC9BCEE00C57A99 /* Build configuration list for PBXProject "feedarticle" */;
			compatibilityVersion = "Xcode 3.2";
			developmentRegion = English;
			hasScannedForEncodings = 0;
			knownRegions = (
				en,
				Base,
			);
			mainGroup = 72148B1F1BC9BCEE00C57A99;
			productRefGroup = 72148B291BC9BCEE00C57A99 /* Products */;
			projectDirPath = "";
			projectRoot = "";
			targets = (
				72148B271BC9BCEE00C57A99 /* feedarticle */,
				72148B3B1BC9BCEF00C57A99 /* feedarticleTests */,
				72148B461BC9BCEF00C57A99 /* feedarticleUITests */,
			);
		};
/* End PBXProject section */

/* Begin PBXResourcesBuildPhase section */
		72148B261BC9BCEE00C57A99 /* Resources */ = {
			isa = PBXResourcesBuildPhase;
			buildActionMask = 2147483647;
			files = (
				72148B361BC9BCEF00C57A99 /* LaunchScreen.storyboard in Resources */,
				72148B331BC9BCEF00C57A99 /* Assets.xcassets in Resources */,
				72148B311BC9BCEF00C57A99 /* Main.storyboard in Resources */,
			);
			runOnlyForDeploymentPostprocessing = 0;
		};
		72148B3A1BC9BCEF00C57A99 /* Resources */ = {
			isa = PBXResourcesBuildPhase;
			buildActionMask = 2147483647;
			files = (
			);
			runOnlyForDeploymentPostprocessing = 0;
		};
		72148B451BC9BCEF00C57A99 /* Resources */ = {
			isa = PBXResourcesBuildPhase;
			buildActionMask = 2147483647;
			files = (
			);
			runOnlyForDeploymentPostprocessing = 0;
		};
/* End PBXResourcesBuildPhase section */

/* Begin PBXShellScriptBuildPhase section */
		1C095F11E35A3FC972083510 /* Copy Pods Resources */ = {
			isa = PBXShellScriptBuildPhase;
			buildActionMask = 2147483647;
			files = (
			);
			inputPaths = (
			);
			name = "Copy Pods Resources";
			outputPaths = (
			);
			runOnlyForDeploymentPostprocessing = 0;
			shellPath = /bin/sh;
			shellScript = "\"${SRCROOT}/Pods/Target Support Files/Pods-feedarticle/Pods-feedarticle-resources.sh\"\n";
			showEnvVarsInLog = 0;
		};
		28411C1054947EA5ABB3CE64 /* Check Pods Manifest.lock */ = {
			isa = PBXShellScriptBuildPhase;
			buildActionMask = 2147483647;
			files = (
			);
			inputPaths = (
			);
			name = "Check Pods Manifest.lock";
			outputPaths = (
			);
			runOnlyForDeploymentPostprocessing = 0;
			shellPath = /bin/sh;
			shellScript = "diff \"${PODS_ROOT}/../Podfile.lock\" \"${PODS_ROOT}/Manifest.lock\" > /dev/null\nif [[ $? != 0 ]] ; then\n    cat << EOM\nerror: The sandbox is not in sync with the Podfile.lock. Run 'pod install' or update your CocoaPods installation.\nEOM\n    exit 1\nfi\n";
			showEnvVarsInLog = 0;
		};
		2A9DA42912925B8A71E23222 /* Check Pods Manifest.lock */ = {
			isa = PBXShellScriptBuildPhase;
			buildActionMask = 2147483647;
			files = (
			);
			inputPaths = (
			);
			name = "Check Pods Manifest.lock";
			outputPaths = (
			);
			runOnlyForDeploymentPostprocessing = 0;
			shellPath = /bin/sh;
			shellScript = "diff \"${PODS_ROOT}/../Podfile.lock\" \"${PODS_ROOT}/Manifest.lock\" > /dev/null\nif [[ $? != 0 ]] ; then\n    cat << EOM\nerror: The sandbox is not in sync with the Podfile.lock. Run 'pod install' or update your CocoaPods installation.\nEOM\n    exit 1\nfi\n";
			showEnvVarsInLog = 0;
		};
		4AF0B08DE3B07A75C2279EAE /* Copy Pods Resources */ = {
			isa = PBXShellScriptBuildPhase;
			buildActionMask = 2147483647;
			files = (
			);
			inputPaths = (
			);
			name = "Copy Pods Resources";
			outputPaths = (
			);
			runOnlyForDeploymentPostprocessing = 0;
			shellPath = /bin/sh;
			shellScript = "\"${SRCROOT}/Pods/Target Support Files/Pods-feedarticleUITests/Pods-feedarticleUITests-resources.sh\"\n";
			showEnvVarsInLog = 0;
		};
		5BA9BB6669B392C349870F42 /* Embed Pods Frameworks */ = {
			isa = PBXShellScriptBuildPhase;
			buildActionMask = 2147483647;
			files = (
			);
			inputPaths = (
			);
			name = "Embed Pods Frameworks";
			outputPaths = (
			);
			runOnlyForDeploymentPostprocessing = 0;
			shellPath = /bin/sh;
			shellScript = "\"${SRCROOT}/Pods/Target Support Files/Pods-feedarticle/Pods-feedarticle-frameworks.sh\"\n";
			showEnvVarsInLog = 0;
		};
		6D8A0602CE004BE40CD9E9B9 /* Embed Pods Frameworks */ = {
			isa = PBXShellScriptBuildPhase;
			buildActionMask = 2147483647;
			files = (
			);
			inputPaths = (
			);
			name = "Embed Pods Frameworks";
			outputPaths = (
			);
			runOnlyForDeploymentPostprocessing = 0;
			shellPath = /bin/sh;
			shellScript = "\"${SRCROOT}/Pods/Target Support Files/Pods-feedarticleTests/Pods-feedarticleTests-frameworks.sh\"\n";
			showEnvVarsInLog = 0;
		};
		B082BE352ABE9D292E78BF85 /* Check Pods Manifest.lock */ = {
			isa = PBXShellScriptBuildPhase;
			buildActionMask = 2147483647;
			files = (
			);
			inputPaths = (
			);
			name = "Check Pods Manifest.lock";
			outputPaths = (
			);
			runOnlyForDeploymentPostprocessing = 0;
			shellPath = /bin/sh;
			shellScript = "diff \"${PODS_ROOT}/../Podfile.lock\" \"${PODS_ROOT}/Manifest.lock\" > /dev/null\nif [[ $? != 0 ]] ; then\n    cat << EOM\nerror: The sandbox is not in sync with the Podfile.lock. Run 'pod install' or update your CocoaPods installation.\nEOM\n    exit 1\nfi\n";
			showEnvVarsInLog = 0;
		};
		F8D3A62F679C0F9E2B4BB2D2 /* Copy Pods Resources */ = {
			isa = PBXShellScriptBuildPhase;
			buildActionMask = 2147483647;
			files = (
			);
			inputPaths = (
			);
			name = "Copy Pods Resources";
			outputPaths = (
			);
			runOnlyForDeploymentPostprocessing = 0;
			shellPath = /bin/sh;
			shellScript = "\"${SRCROOT}/Pods/Target Support Files/Pods-feedarticleTests/Pods-feedarticleTests-resources.sh\"\n";
			showEnvVarsInLog = 0;
		};
/* End PBXShellScriptBuildPhase section */

/* Begin PBXSourcesBuildPhase section */
		72148B241BC9BCEE00C57A99 /* Sources */ = {
			isa = PBXSourcesBuildPhase;
			buildActionMask = 2147483647;
			files = (
				72148B2E1BC9BCEF00C57A99 /* ViewController.swift in Sources */,
				72148B2C1BC9BCEF00C57A99 /* AppDelegate.swift in Sources */,
			);
			runOnlyForDeploymentPostprocessing = 0;
		};
		72148B381BC9BCEF00C57A99 /* Sources */ = {
			isa = PBXSourcesBuildPhase;
			buildActionMask = 2147483647;
			files = (
				72148B411BC9BCEF00C57A99 /* feedarticleTests.swift in Sources */,
			);
			runOnlyForDeploymentPostprocessing = 0;
		};
		72148B431BC9BCEF00C57A99 /* Sources */ = {
			isa = PBXSourcesBuildPhase;
			buildActionMask = 2147483647;
			files = (
				72148B4C1BC9BCEF00C57A99 /* feedarticleUITests.swift in Sources */,
			);
			runOnlyForDeploymentPostprocessing = 0;
		};
/* End PBXSourcesBuildPhase section */

/* Begin PBXTargetDependency section */
		72148B3E1BC9BCEF00C57A99 /* PBXTargetDependency */ = {
			isa = PBXTargetDependency;
			target = 72148B271BC9BCEE00C57A99 /* feedarticle */;
			targetProxy = 72148B3D1BC9BCEF00C57A99 /* PBXContainerItemProxy */;
		};
		72148B491BC9BCEF00C57A99 /* PBXTargetDependency */ = {
			isa = PBXTargetDependency;
			target = 72148B271BC9BCEE00C57A99 /* feedarticle */;
			targetProxy = 72148B481BC9BCEF00C57A99 /* PBXContainerItemProxy */;
		};
/* End PBXTargetDependency section */

/* Begin PBXVariantGroup section */
		72148B2F1BC9BCEF00C57A99 /* Main.storyboard */ = {
			isa = PBXVariantGroup;
			children = (
				72148B301BC9BCEF00C57A99 /* Base */,
			);
			name = Main.storyboard;
			sourceTree = "<group>";
		};
		72148B341BC9BCEF00C57A99 /* LaunchScreen.storyboard */ = {
			isa = PBXVariantGroup;
			children = (
				72148B351BC9BCEF00C57A99 /* Base */,
			);
			name = LaunchScreen.storyboard;
			sourceTree = "<group>";
		};
/* End PBXVariantGroup section */

/* Begin XCBuildConfiguration section */
		72148B4E1BC9BCEF00C57A99 /* Debug */ = {
			isa = XCBuildConfiguration;
			buildSettings = {
				ALWAYS_SEARCH_USER_PATHS = NO;
				CLANG_CXX_LANGUAGE_STANDARD = "gnu++0x";
				CLANG_CXX_LIBRARY = "libc++";
				CLANG_ENABLE_MODULES = YES;
				CLANG_ENABLE_OBJC_ARC = YES;
				CLANG_WARN_BOOL_CONVERSION = YES;
				CLANG_WARN_CONSTANT_CONVERSION = YES;
				CLANG_WARN_DIRECT_OBJC_ISA_USAGE = YES_ERROR;
				CLANG_WARN_EMPTY_BODY = YES;
				CLANG_WARN_ENUM_CONVERSION = YES;
				CLANG_WARN_INT_CONVERSION = YES;
				CLANG_WARN_OBJC_ROOT_CLASS = YES_ERROR;
				CLANG_WARN_UNREACHABLE_CODE = YES;
				CLANG_WARN__DUPLICATE_METHOD_MATCH = YES;
				"CODE_SIGN_IDENTITY[sdk=iphoneos*]" = "iPhone Developer";
				COPY_PHASE_STRIP = NO;
				DEBUG_INFORMATION_FORMAT = dwarf;
				ENABLE_STRICT_OBJC_MSGSEND = YES;
				ENABLE_TESTABILITY = YES;
				GCC_C_LANGUAGE_STANDARD = gnu99;
				GCC_DYNAMIC_NO_PIC = NO;
				GCC_NO_COMMON_BLOCKS = YES;
				GCC_OPTIMIZATION_LEVEL = 0;
				GCC_PREPROCESSOR_DEFINITIONS = (
					"DEBUG=1",
					"$(inherited)",
				);
				GCC_WARN_64_TO_32_BIT_CONVERSION = YES;
				GCC_WARN_ABOUT_RETURN_TYPE = YES_ERROR;
				GCC_WARN_UNDECLARED_SELECTOR = YES;
				GCC_WARN_UNINITIALIZED_AUTOS = YES_AGGRESSIVE;
				GCC_WARN_UNUSED_FUNCTION = YES;
				GCC_WARN_UNUSED_VARIABLE = YES;
				IPHONEOS_DEPLOYMENT_TARGET = 9.0;
				MTL_ENABLE_DEBUG_INFO = YES;
				ONLY_ACTIVE_ARCH = YES;
				SDKROOT = iphoneos;
				SWIFT_OPTIMIZATION_LEVEL = "-Onone";
				TARGETED_DEVICE_FAMILY = "1,2";
			};
			name = Debug;
		};
		72148B4F1BC9BCEF00C57A99 /* Release */ = {
			isa = XCBuildConfiguration;
			buildSettings = {
				ALWAYS_SEARCH_USER_PATHS = NO;
				CLANG_CXX_LANGUAGE_STANDARD = "gnu++0x";
				CLANG_CXX_LIBRARY = "libc++";
				CLANG_ENABLE_MODULES = YES;
				CLANG_ENABLE_OBJC_ARC = YES;
				CLANG_WARN_BOOL_CONVERSION = YES;
				CLANG_WARN_CONSTANT_CONVERSION = YES;
				CLANG_WARN_DIRECT_OBJC_ISA_USAGE = YES_ERROR;
				CLANG_WARN_EMPTY_BODY = YES;
				CLANG_WARN_ENUM_CONVERSION = YES;
				CLANG_WARN_INT_CONVERSION = YES;
				CLANG_WARN_OBJC_ROOT_CLASS = YES_ERROR;
				CLANG_WARN_UNREACHABLE_CODE = YES;
				CLANG_WARN__DUPLICATE_METHOD_MATCH = YES;
				"CODE_SIGN_IDENTITY[sdk=iphoneos*]" = "iPhone Developer";
				COPY_PHASE_STRIP = NO;
				DEBUG_INFORMATION_FORMAT = "dwarf-with-dsym";
				ENABLE_NS_ASSERTIONS = NO;
				ENABLE_STRICT_OBJC_MSGSEND = YES;
				GCC_C_LANGUAGE_STANDARD = gnu99;
				GCC_NO_COMMON_BLOCKS = YES;
				GCC_WARN_64_TO_32_BIT_CONVERSION = YES;
				GCC_WARN_ABOUT_RETURN_TYPE = YES_ERROR;
				GCC_WARN_UNDECLARED_SELECTOR = YES;
				GCC_WARN_UNINITIALIZED_AUTOS = YES_AGGRESSIVE;
				GCC_WARN_UNUSED_FUNCTION = YES;
				GCC_WARN_UNUSED_VARIABLE = YES;
				IPHONEOS_DEPLOYMENT_TARGET = 9.0;
				MTL_ENABLE_DEBUG_INFO = NO;
				SDKROOT = iphoneos;
				TARGETED_DEVICE_FAMILY = "1,2";
				VALIDATE_PRODUCT = YES;
			};
			name = Release;
		};
		72148B511BC9BCEF00C57A99 /* Debug */ = {
			isa = XCBuildConfiguration;
			baseConfigurationReference = 2CA0D6EEBB5CFB1CDB65C1EE /* Pods-feedarticle.debug.xcconfig */;
			buildSettings = {
				ASSETCATALOG_COMPILER_APPICON_NAME = AppIcon;
				CLANG_ENABLE_MODULES = YES;
				INFOPLIST_FILE = feedarticle/Info.plist;
				LD_RUNPATH_SEARCH_PATHS = "$(inherited) @executable_path/Frameworks";
				ONLY_ACTIVE_ARCH = YES;
				PRODUCT_BUNDLE_IDENTIFIER = com.qchu.feedarticle;
				PRODUCT_NAME = "$(TARGET_NAME)";
				SWIFT_OBJC_BRIDGING_HEADER = "feedarticle/feedarticle-Bridging-Header.h";
				SWIFT_OPTIMIZATION_LEVEL = "-Onone";
				VALID_ARCHS = "arm64 armv7 armv7s";
			};
			name = Debug;
		};
		72148B521BC9BCEF00C57A99 /* Release */ = {
			isa = XCBuildConfiguration;
			baseConfigurationReference = 63E2ADF7C67D2A8F8DBBFDF9 /* Pods-feedarticle.release.xcconfig */;
			buildSettings = {
				ASSETCATALOG_COMPILER_APPICON_NAME = AppIcon;
				CLANG_ENABLE_MODULES = YES;
				INFOPLIST_FILE = feedarticle/Info.plist;
				LD_RUNPATH_SEARCH_PATHS = "$(inherited) @executable_path/Frameworks";
				PRODUCT_BUNDLE_IDENTIFIER = com.qchu.feedarticle;
				PRODUCT_NAME = "$(TARGET_NAME)";
				SWIFT_OBJC_BRIDGING_HEADER = "feedarticle/feedarticle-Bridging-Header.h";
				VALID_ARCHS = "arm64 armv7 armv7s";
			};
			name = Release;
		};
		72148B541BC9BCEF00C57A99 /* Debug */ = {
			isa = XCBuildConfiguration;
			baseConfigurationReference = 7EC0FD0898B32FDEE1C604C0 /* Pods-feedarticleTests.debug.xcconfig */;
			buildSettings = {
				BUNDLE_LOADER = "$(TEST_HOST)";
				INFOPLIST_FILE = feedarticleTests/Info.plist;
				LD_RUNPATH_SEARCH_PATHS = "$(inherited) @executable_path/Frameworks @loader_path/Frameworks";
				PRODUCT_BUNDLE_IDENTIFIER = com.qchu.feedarticleTests;
				PRODUCT_NAME = "$(TARGET_NAME)";
				TEST_HOST = "$(BUILT_PRODUCTS_DIR)/feedarticle.app/feedarticle";
			};
			name = Debug;
		};
		72148B551BC9BCEF00C57A99 /* Release */ = {
			isa = XCBuildConfiguration;
			baseConfigurationReference = B02C77021BC0359805C7A9A7 /* Pods-feedarticleTests.release.xcconfig */;
			buildSettings = {
				BUNDLE_LOADER = "$(TEST_HOST)";
				INFOPLIST_FILE = feedarticleTests/Info.plist;
				LD_RUNPATH_SEARCH_PATHS = "$(inherited) @executable_path/Frameworks @loader_path/Frameworks";
				PRODUCT_BUNDLE_IDENTIFIER = com.qchu.feedarticleTests;
				PRODUCT_NAME = "$(TARGET_NAME)";
				TEST_HOST = "$(BUILT_PRODUCTS_DIR)/feedarticle.app/feedarticle";
			};
			name = Release;
		};
		72148B571BC9BCEF00C57A99 /* Debug */ = {
			isa = XCBuildConfiguration;
			baseConfigurationReference = 3B6ED16AF9AC7CEF38CC9E88 /* Pods-feedarticleUITests.debug.xcconfig */;
			buildSettings = {
				INFOPLIST_FILE = feedarticleUITests/Info.plist;
				LD_RUNPATH_SEARCH_PATHS = "$(inherited) @executable_path/Frameworks @loader_path/Frameworks";
				PRODUCT_BUNDLE_IDENTIFIER = com.qchu.feedarticleUITests;
				PRODUCT_NAME = "$(TARGET_NAME)";
				TEST_TARGET_NAME = feedarticle;
				USES_XCTRUNNER = YES;
			};
			name = Debug;
		};
		72148B581BC9BCEF00C57A99 /* Release */ = {
			isa = XCBuildConfiguration;
			baseConfigurationReference = 254ECC61AF9FD05C3C5563E3 /* Pods-feedarticleUITests.release.xcconfig */;
			buildSettings = {
				INFOPLIST_FILE = feedarticleUITests/Info.plist;
				LD_RUNPATH_SEARCH_PATHS = "$(inherited) @executable_path/Frameworks @loader_path/Frameworks";
				PRODUCT_BUNDLE_IDENTIFIER = com.qchu.feedarticleUITests;
				PRODUCT_NAME = "$(TARGET_NAME)";
				TEST_TARGET_NAME = feedarticle;
				USES_XCTRUNNER = YES;
			};
			name = Release;
		};
/* End XCBuildConfiguration section */

/* Begin XCConfigurationList section */
		72148B231BC9BCEE00C57A99 /* Build configuration list for PBXProject "feedarticle" */ = {
			isa = XCConfigurationList;
			buildConfigurations = (
				72148B4E1BC9BCEF00C57A99 /* Debug */,
				72148B4F1BC9BCEF00C57A99 /* Release */,
			);
			defaultConfigurationIsVisible = 0;
			defaultConfigurationName = Release;
		};
		72148B501BC9BCEF00C57A99 /* Build configuration list for PBXNativeTarget "feedarticle" */ = {
			isa = XCConfigurationList;
			buildConfigurations = (
				72148B511BC9BCEF00C57A99 /* Debug */,
				72148B521BC9BCEF00C57A99 /* Release */,
			);
			defaultConfigurationIsVisible = 0;
			defaultConfigurationName = Release;
		};
		72148B531BC9BCEF00C57A99 /* Build configuration list for PBXNativeTarget "feedarticleTests" */ = {
			isa = XCConfigurationList;
			buildConfigurations = (
				72148B541BC9BCEF00C57A99 /* Debug */,
				72148B551BC9BCEF00C57A99 /* Release */,
			);
			defaultConfigurationIsVisible = 0;
			defaultConfigurationName = Release;
		};
		72148B561BC9BCEF00C57A99 /* Build configuration list for PBXNativeTarget "feedarticleUITests" */ = {
			isa = XCConfigurationList;
			buildConfigurations = (
				72148B571BC9BCEF00C57A99 /* Debug */,
				72148B581BC9BCEF00C57A99 /* Release */,
			);
			defaultConfigurationIsVisible = 0;
			defaultConfigurationName = Release;
		};
/* End XCConfigurationList section */
	};
	rootObject = 72148B201BC9BCEE00C57A99 /* Project object */;
}
